// !$*UTF8*$!
{
	archiveVersion = 1;
	classes = {
	};
	objectVersion = 46;
	objects = {

/* Begin PBXBuildFile section */
		11E460C11C1D1C48009D3661 /* main.m in Sources */ = {isa = PBXBuildFile; fileRef = 11E460C01C1D1C48009D3661 /* main.m */; };
		11E460CB1C1D54D5009D3661 /* EngineComponent.m in Sources */ = {isa = PBXBuildFile; fileRef = 11E460CA1C1D54D5009D3661 /* EngineComponent.m */; };
		11E460CF1C1D582C009D3661 /* Engine.m in Sources */ = {isa = PBXBuildFile; fileRef = 11E460CE1C1D582C009D3661 /* Engine.m */; };
		11E460D11C1D60F4009D3661 /* Car.m in Sources */ = {isa = PBXBuildFile; fileRef = 11E460D01C1D60F4009D3661 /* Car.m */; };
		11E460D41C1D6583009D3661 /* Tire.m in Sources */ = {isa = PBXBuildFile; fileRef = 11E460D31C1D6583009D3661 /* Tire.m */; };
		11E460D81C1D68EE009D3661 /* XXXTire.m in Sources */ = {isa = PBXBuildFile; fileRef = 11E460D71C1D68EE009D3661 /* XXXTire.m */; };
		11E460DE1C1D7820009D3661 /* TrafficDepartment.m in Sources */ = {isa = PBXBuildFile; fileRef = 11E460DD1C1D7820009D3661 /* TrafficDepartment.m */; };
		11E460E01C1D8034009D3661 /* NSString+NumberConvenience.m in Sources */ = {isa = PBXBuildFile; fileRef = 11E460DF1C1D8034009D3661 /* NSString+NumberConvenience.m */; };
		11E460E41C1D862E009D3661 /* CThing1.m in Sources */ = {isa = PBXBuildFile; fileRef = 11E460E31C1D862E009D3661 /* CThing1.m */; };
		11E460E61C1D8834009D3661 /* CategoryThing.m in Sources */ = {isa = PBXBuildFile; fileRef = 11E460E51C1D8834009D3661 /* CategoryThing.m */; };
		11E460EA1C1D89AC009D3661 /* CThing2.m in Sources */ = {isa = PBXBuildFile; fileRef = 11E460E91C1D89AC009D3661 /* CThing2.m */; };
/* End PBXBuildFile section */

/* Begin PBXCopyFilesBuildPhase section */
		11E460BB1C1D1C48009D3661 /* CopyFiles */ = {
			isa = PBXCopyFilesBuildPhase;
			buildActionMask = 2147483647;
			dstPath = /usr/share/man/man1/;
			dstSubfolderSpec = 0;
			files = (
			);
			runOnlyForDeploymentPostprocessing = 1;
		};
/* End PBXCopyFilesBuildPhase section */

/* Begin PBXFileReference section */
		11E460BD1C1D1C48009D3661 /* OCBestPractice */ = {isa = PBXFileReference; explicitFileType = "compiled.mach-o.executable"; includeInIndex = 0; path = OCBestPractice; sourceTree = BUILT_PRODUCTS_DIR; };
		11E460C01C1D1C48009D3661 /* main.m */ = {isa = PBXFileReference; lastKnownFileType = sourcecode.c.objc; path = main.m; sourceTree = "<group>"; };
		11E460C71C1D4DE7009D3661 /* Car.h */ = {isa = PBXFileReference; lastKnownFileType = sourcecode.c.h; path = Car.h; sourceTree = "<group>"; };
		11E460C81C1D5054009D3661 /* Engine.h */ = {isa = PBXFileReference; lastKnownFileType = sourcecode.c.h; path = Engine.h; sourceTree = "<group>"; };
		11E460C91C1D543D009D3661 /* EngineComponent.h */ = {isa = PBXFileReference; lastKnownFileType = sourcecode.c.h; path = EngineComponent.h; sourceTree = "<group>"; };
		11E460CA1C1D54D5009D3661 /* EngineComponent.m */ = {isa = PBXFileReference; fileEncoding = 4; lastKnownFileType = sourcecode.c.objc; path = EngineComponent.m; sourceTree = "<group>"; };
		11E460CE1C1D582C009D3661 /* Engine.m */ = {isa = PBXFileReference; fileEncoding = 4; lastKnownFileType = sourcecode.c.objc; path = Engine.m; sourceTree = "<group>"; };
		11E460D01C1D60F4009D3661 /* Car.m */ = {isa = PBXFileReference; fileEncoding = 4; lastKnownFileType = sourcecode.c.objc; path = Car.m; sourceTree = "<group>"; };
		11E460D21C1D6466009D3661 /* Tire.h */ = {isa = PBXFileReference; lastKnownFileType = sourcecode.c.h; path = Tire.h; sourceTree = "<group>"; };
		11E460D31C1D6583009D3661 /* Tire.m */ = {isa = PBXFileReference; fileEncoding = 4; lastKnownFileType = sourcecode.c.objc; path = Tire.m; sourceTree = "<group>"; };
		11E460D61C1D68C4009D3661 /* XXXTire.h */ = {isa = PBXFileReference; lastKnownFileType = sourcecode.c.h; path = XXXTire.h; sourceTree = "<group>"; };
		11E460D71C1D68EE009D3661 /* XXXTire.m */ = {isa = PBXFileReference; fileEncoding = 4; lastKnownFileType = sourcecode.c.objc; path = XXXTire.m; sourceTree = "<group>"; };
		11E460D91C1D6ED6009D3661 /* Vehicle.h */ = {isa = PBXFileReference; lastKnownFileType = sourcecode.c.h; path = Vehicle.h; sourceTree = "<group>"; };
		11E460DA1C1D74B2009D3661 /* PolutionSource.h */ = {isa = PBXFileReference; lastKnownFileType = sourcecode.c.h; path = PolutionSource.h; sourceTree = "<group>"; };
		11E460DC1C1D773E009D3661 /* TrafficDepartment.h */ = {isa = PBXFileReference; lastKnownFileType = sourcecode.c.h; path = TrafficDepartment.h; sourceTree = "<group>"; };
		11E460DD1C1D7820009D3661 /* TrafficDepartment.m */ = {isa = PBXFileReference; fileEncoding = 4; lastKnownFileType = sourcecode.c.objc; path = TrafficDepartment.m; sourceTree = "<group>"; };
		11E460DF1C1D8034009D3661 /* NSString+NumberConvenience.m */ = {isa = PBXFileReference; fileEncoding = 4; lastKnownFileType = sourcecode.c.objc; path = "NSString+NumberConvenience.m"; sourceTree = "<group>"; };
		11E460E11C1D8306009D3661 /* NSString+NumberConvenience.h */ = {isa = PBXFileReference; lastKnownFileType = sourcecode.c.h; path = "NSString+NumberConvenience.h"; sourceTree = "<group>"; };
		11E460E21C1D85B9009D3661 /* CategoryThing.h */ = {isa = PBXFileReference; lastKnownFileType = sourcecode.c.h; path = CategoryThing.h; sourceTree = "<group>"; };
		11E460E31C1D862E009D3661 /* CThing1.m */ = {isa = PBXFileReference; fileEncoding = 4; lastKnownFileType = sourcecode.c.objc; path = CThing1.m; sourceTree = "<group>"; };
		11E460E51C1D8834009D3661 /* CategoryThing.m */ = {isa = PBXFileReference; fileEncoding = 4; lastKnownFileType = sourcecode.c.objc; path = CategoryThing.m; sourceTree = "<group>"; };
		11E460E91C1D89AC009D3661 /* CThing2.m */ = {isa = PBXFileReference; fileEncoding = 4; lastKnownFileType = sourcecode.c.objc; path = CThing2.m; sourceTree = "<group>"; };
/* End PBXFileReference section */

/* Begin PBXFrameworksBuildPhase section */
		11E460BA1C1D1C48009D3661 /* Frameworks */ = {
			isa = PBXFrameworksBuildPhase;
			buildActionMask = 2147483647;
			files = (
			);
			runOnlyForDeploymentPostprocessing = 0;
		};
/* End PBXFrameworksBuildPhase section */

/* Begin PBXGroup section */
		11E460B41C1D1C48009D3661 = {
			isa = PBXGroup;
			children = (
				11E460BF1C1D1C48009D3661 /* OCBestPractice */,
				11E460BE1C1D1C48009D3661 /* Products */,
			);
			sourceTree = "<group>";
		};
		11E460BE1C1D1C48009D3661 /* Products */ = {
			isa = PBXGroup;
			children = (
				11E460BD1C1D1C48009D3661 /* OCBestPractice */,
			);
			name = Products;
			sourceTree = "<group>";
		};
		11E460BF1C1D1C48009D3661 /* OCBestPractice */ = {
			isa = PBXGroup;
			children = (
				11E460C71C1D4DE7009D3661 /* Car.h */,
				11E460D01C1D60F4009D3661 /* Car.m */,
				11E460C81C1D5054009D3661 /* Engine.h */,
				11E460CE1C1D582C009D3661 /* Engine.m */,
				11E460C91C1D543D009D3661 /* EngineComponent.h */,
				11E460CA1C1D54D5009D3661 /* EngineComponent.m */,
				11E460C01C1D1C48009D3661 /* main.m */,
				11E460D21C1D6466009D3661 /* Tire.h */,
				11E460D31C1D6583009D3661 /* Tire.m */,
				11E460D61C1D68C4009D3661 /* XXXTire.h */,
				11E460D71C1D68EE009D3661 /* XXXTire.m */,
				11E460D91C1D6ED6009D3661 /* Vehicle.h */,
				11E460DA1C1D74B2009D3661 /* PolutionSource.h */,
				11E460DC1C1D773E009D3661 /* TrafficDepartment.h */,
				11E460DD1C1D7820009D3661 /* TrafficDepartment.m */,
				11E460DF1C1D8034009D3661 /* NSString+NumberConvenience.m */,
				11E460E11C1D8306009D3661 /* NSString+NumberConvenience.h */,
				11E460E21C1D85B9009D3661 /* CategoryThing.h */,
				11E460E31C1D862E009D3661 /* CThing1.m */,
				11E460E51C1D8834009D3661 /* CategoryThing.m */,
				11E460E91C1D89AC009D3661 /* CThing2.m */,
			);
			path = OCBestPractice;
			sourceTree = "<group>";
		};
/* End PBXGroup section */

/* Begin PBXNativeTarget section */
		11E460BC1C1D1C48009D3661 /* OCBestPractice */ = {
			isa = PBXNativeTarget;
			buildConfigurationList = 11E460C41C1D1C48009D3661 /* Build configuration list for PBXNativeTarget "OCBestPractice" */;
			buildPhases = (
				11E460B91C1D1C48009D3661 /* Sources */,
				11E460BA1C1D1C48009D3661 /* Frameworks */,
				11E460BB1C1D1C48009D3661 /* CopyFiles */,
			);
			buildRules = (
			);
			dependencies = (
			);
			name = OCBestPractice;
			productName = OCBestPractice;
			productReference = 11E460BD1C1D1C48009D3661 /* OCBestPractice */;
			productType = "com.apple.product-type.tool";
		};
/* End PBXNativeTarget section */

/* Begin PBXProject section */
		11E460B51C1D1C48009D3661 /* Project object */ = {
			isa = PBXProject;
			attributes = {
				LastUpgradeCheck = 0640;
				ORGANIZATIONNAME = Wilbur.Wu;
				TargetAttributes = {
					11E460BC1C1D1C48009D3661 = {
						CreatedOnToolsVersion = 6.4;
					};
				};
			};
			buildConfigurationList = 11E460B81C1D1C48009D3661 /* Build configuration list for PBXProject "OCBestPractice" */;
			compatibilityVersion = "Xcode 3.2";
			developmentRegion = English;
			hasScannedForEncodings = 0;
			knownRegions = (
				en,
			);
			mainGroup = 11E460B41C1D1C48009D3661;
			productRefGroup = 11E460BE1C1D1C48009D3661 /* Products */;
			projectDirPath = "";
			projectRoot = "";
			targets = (
				11E460BC1C1D1C48009D3661 /* OCBestPractice */,
			);
		};
/* End PBXProject section */

/* Begin PBXSourcesBuildPhase section */
		11E460B91C1D1C48009D3661 /* Sources */ = {
			isa = PBXSourcesBuildPhase;
			buildActionMask = 2147483647;
			files = (
				11E460E01C1D8034009D3661 /* NSString+NumberConvenience.m in Sources */,
				11E460D41C1D6583009D3661 /* Tire.m in Sources */,
				11E460C11C1D1C48009D3661 /* main.m in Sources */,
				11E460DE1C1D7820009D3661 /* TrafficDepartment.m in Sources */,
				11E460CB1C1D54D5009D3661 /* EngineComponent.m in Sources */,
				11E460E41C1D862E009D3661 /* CThing1.m in Sources */,
				11E460D11C1D60F4009D3661 /* Car.m in Sources */,
				11E460D81C1D68EE009D3661 /* XXXTire.m in Sources */,
				11E460E61C1D8834009D3661 /* CategoryThing.m in Sources */,
				11E460CF1C1D582C009D3661 /* Engine.m in Sources */,
				11E460EA1C1D89AC009D3661 /* CThing2.m in Sources */,
			);
			runOnlyForDeploymentPostprocessing = 0;
		};
/* End PBXSourcesBuildPhase section */

/* Begin XCBuildConfiguration section */
		11E460C21C1D1C48009D3661 /* Debug */ = {
			isa = XCBuildConfiguration;
			buildSettings = {
				ALWAYS_SEARCH_USER_PATHS = NO;
				CLANG_CXX_LANGUAGE_STANDARD = "gnu++0x";
				CLANG_CXX_LIBRARY = "libc++";
				CLANG_ENABLE_MODULES = YES;
				CLANG_ENABLE_OBJC_ARC = YES;
				CLANG_WARN_BOOL_CONVERSION = YES;
				CLANG_WARN_CONSTANT_CONVERSION = YES;
				CLANG_WARN_DIRECT_OBJC_ISA_USAGE = YES_ERROR;
				CLANG_WARN_EMPTY_BODY = YES;
				CLANG_WARN_ENUM_CONVERSION = YES;
				CLANG_WARN_INT_CONVERSION = YES;
				CLANG_WARN_OBJC_ROOT_CLASS = YES_ERROR;
				CLANG_WARN_UNREACHABLE_CODE = YES;
				CLANG_WARN__DUPLICATE_METHOD_MATCH = YES;
				COPY_PHASE_STRIP = NO;
				DEBUG_INFORMATION_FORMAT = dwarf;
				ENABLE_STRICT_OBJC_MSGSEND = YES;
				GCC_C_LANGUAGE_STANDARD = gnu99;
				GCC_DYNAMIC_NO_PIC = NO;
				GCC_NO_COMMON_BLOCKS = YES;
				GCC_OPTIMIZATION_LEVEL = 0;
				GCC_PREPROCESSOR_DEFINITIONS = (
					"DEBUG=1",
					"$(inherited)",
				);
				GCC_SYMBOLS_PRIVATE_EXTERN = NO;
				GCC_WARN_64_TO_32_BIT_CONVERSION = YES;
				GCC_WARN_ABOUT_RETURN_TYPE = YES_ERROR;
				GCC_WARN_UNDECLARED_SELECTOR = YES;
				GCC_WARN_UNINITIALIZED_AUTOS = YES_AGGRESSIVE;
				GCC_WARN_UNUSED_FUNCTION = YES;
				GCC_WARN_UNUSED_VARIABLE = YES;
				MACOSX_DEPLOYMENT_TARGET = 10.10;
				MTL_ENABLE_DEBUG_INFO = YES;
				ONLY_ACTIVE_ARCH = YES;
				SDKROOT = macosx;
			};
			name = Debug;
		};
		11E460C31C1D1C48009D3661 /* Release */ = {
			isa = XCBuildConfiguration;
			buildSettings = {
				ALWAYS_SEARCH_USER_PATHS = NO;
				CLANG_CXX_LANGUAGE_STANDARD = "gnu++0x";
				CLANG_CXX_LIBRARY = "libc++";
				CLANG_ENABLE_MODULES = YES;
				CLANG_ENABLE_OBJC_ARC = YES;
				CLANG_WARN_BOOL_CONVERSION = YES;
				CLANG_WARN_CONSTANT_CONVERSION = YES;
				CLANG_WARN_DIRECT_OBJC_ISA_USAGE = YES_ERROR;
				CLANG_WARN_EMPTY_BODY = YES;
				CLANG_WARN_ENUM_CONVERSION = YES;
				CLANG_WARN_INT_CONVERSION = YES;
				CLANG_WARN_OBJC_ROOT_CLASS = YES_ERROR;
				CLANG_WARN_UNREACHABLE_CODE = YES;
				CLANG_WARN__DUPLICATE_METHOD_MATCH = YES;
				COPY_PHASE_STRIP = NO;
				DEBUG_INFORMATION_FORMAT = "dwarf-with-dsym";
				ENABLE_NS_ASSERTIONS = NO;
				ENABLE_STRICT_OBJC_MSGSEND = YES;
				GCC_C_LANGUAGE_STANDARD = gnu99;
				GCC_NO_COMMON_BLOCKS = YES;
				GCC_WARN_64_TO_32_BIT_CONVERSION = YES;
				GCC_WARN_ABOUT_RETURN_TYPE = YES_ERROR;
				GCC_WARN_UNDECLARED_SELECTOR = YES;
				GCC_WARN_UNINITIALIZED_AUTOS = YES_AGGRESSIVE;
				GCC_WARN_UNUSED_FUNCTION = YES;
				GCC_WARN_UNUSED_VARIABLE = YES;
				MACOSX_DEPLOYMENT_TARGET = 10.10;
				MTL_ENABLE_DEBUG_INFO = NO;
				SDKROOT = macosx;
			};
			name = Release;
		};
		11E460C51C1D1C48009D3661 /* Debug */ = {
			isa = XCBuildConfiguration;
			buildSettings = {
				PRODUCT_NAME = "$(TARGET_NAME)";
			};
			name = Debug;
		};
		11E460C61C1D1C48009D3661 /* Release */ = {
			isa = XCBuildConfiguration;
			buildSettings = {
				PRODUCT_NAME = "$(TARGET_NAME)";
			};
			name = Release;
		};
/* End XCBuildConfiguration section */

/* Begin XCConfigurationList section */
		11E460B81C1D1C48009D3661 /* Build configuration list for PBXProject "OCBestPractice" */ = {
			isa = XCConfigurationList;
			buildConfigurations = (
				11E460C21C1D1C48009D3661 /* Debug */,
				11E460C31C1D1C48009D3661 /* Release */,
			);
			defaultConfigurationIsVisible = 0;
			defaultConfigurationName = Release;
		};
		11E460C41C1D1C48009D3661 /* Build configuration list for PBXNativeTarget "OCBestPractice" */ = {
			isa = XCConfigurationList;
			buildConfigurations = (
				11E460C51C1D1C48009D3661 /* Debug */,
				11E460C61C1D1C48009D3661 /* Release */,
			);
			defaultConfigurationIsVisible = 0;
		};
/* End XCConfigurationList section */
	};
	rootObject = 11E460B51C1D1C48009D3661 /* Project object */;
}
